// !$*UTF8*$!
{
	archiveVersion = 1;
	classes = {
	};
	objectVersion = 46;
	objects = {

/* Begin PBXBuildFile section */
		870DFC3C1B8BE150003AE10D /* main.m in Sources */ = {isa = PBXBuildFile; fileRef = 870DFC3B1B8BE150003AE10D /* main.m */; };
		870DFC441B8BED4B003AE10D /* ComboArray.m in Sources */ = {isa = PBXBuildFile; fileRef = 870DFC431B8BED4B003AE10D /* ComboArray.m */; };
/* End PBXBuildFile section */

/* Begin PBXCopyFilesBuildPhase section */
		870DFC361B8BE150003AE10D /* CopyFiles */ = {
			isa = PBXCopyFilesBuildPhase;
			buildActionMask = 2147483647;
			dstPath = /usr/share/man/man1/;
			dstSubfolderSpec = 0;
			files = (
			);
			runOnlyForDeploymentPostprocessing = 1;
		};
/* End PBXCopyFilesBuildPhase section */

/* Begin PBXFileReference section */
		870DFC381B8BE150003AE10D /* CombiningArrays */ = {isa = PBXFileReference; explicitFileType = "compiled.mach-o.executable"; includeInIndex = 0; path = CombiningArrays; sourceTree = BUILT_PRODUCTS_DIR; };
		870DFC3B1B8BE150003AE10D /* main.m */ = {isa = PBXFileReference; lastKnownFileType = sourcecode.c.objc; path = main.m; sourceTree = "<group>"; };
		870DFC421B8BED4B003AE10D /* ComboArray.h */ = {isa = PBXFileReference; fileEncoding = 4; lastKnownFileType = sourcecode.c.h; path = ComboArray.h; sourceTree = "<group>"; };
		870DFC431B8BED4B003AE10D /* ComboArray.m */ = {isa = PBXFileReference; fileEncoding = 4; lastKnownFileType = sourcecode.c.objc; path = ComboArray.m; sourceTree = "<group>"; };
/* End PBXFileReference section */

/* Begin PBXFrameworksBuildPhase section */
		870DFC351B8BE150003AE10D /* Frameworks */ = {
			isa = PBXFrameworksBuildPhase;
			buildActionMask = 2147483647;
			files = (
			);
			runOnlyForDeploymentPostprocessing = 0;
		};
/* End PBXFrameworksBuildPhase section */

/* Begin PBXGroup section */
		870DFC2F1B8BE150003AE10D = {
			isa = PBXGroup;
			children = (
				870DFC3A1B8BE150003AE10D /* CombiningArrays */,
				870DFC391B8BE150003AE10D /* Products */,
			);
			sourceTree = "<group>";
		};
		870DFC391B8BE150003AE10D /* Products */ = {
			isa = PBXGroup;
			children = (
				870DFC381B8BE150003AE10D /* CombiningArrays */,
			);
			name = Products;
			sourceTree = "<group>";
		};
		870DFC3A1B8BE150003AE10D /* CombiningArrays */ = {
			isa = PBXGroup;
			children = (
				870DFC3B1B8BE150003AE10D /* main.m */,
				870DFC421B8BED4B003AE10D /* ComboArray.h */,
				870DFC431B8BED4B003AE10D /* ComboArray.m */,
			);
			path = CombiningArrays;
			sourceTree = "<group>";
		};
/* End PBXGroup section */

/* Begin PBXNativeTarget section */
		870DFC371B8BE150003AE10D /* CombiningArrays */ = {
			isa = PBXNativeTarget;
			buildConfigurationList = 870DFC3F1B8BE150003AE10D /* Build configuration list for PBXNativeTarget "CombiningArrays" */;
			buildPhases = (
				870DFC341B8BE150003AE10D /* Sources */,
				870DFC351B8BE150003AE10D /* Frameworks */,
				870DFC361B8BE150003AE10D /* CopyFiles */,
			);
			buildRules = (
			);
			dependencies = (
			);
			name = CombiningArrays;
			productName = CombiningArrays;
			productReference = 870DFC381B8BE150003AE10D /* CombiningArrays */;
			productType = "com.apple.product-type.tool";
		};
/* End PBXNativeTarget section */

/* Begin PBXProject section */
		870DFC301B8BE150003AE10D /* Project object */ = {
			isa = PBXProject;
			attributes = {
				LastUpgradeCheck = 0640;
				ORGANIZATIONNAME = "Ron Rivera";
				TargetAttributes = {
					870DFC371B8BE150003AE10D = {
						CreatedOnToolsVersion = 6.4;
					};
				};
			};
			buildConfigurationList = 870DFC331B8BE150003AE10D /* Build configuration list for PBXProject "CombiningArrays" */;
			compatibilityVersion = "Xcode 3.2";
			developmentRegion = English;
			hasScannedForEncodings = 0;
			knownRegions = (
				en,
			);
			mainGroup = 870DFC2F1B8BE150003AE10D;
			productRefGroup = 870DFC391B8BE150003AE10D /* Products */;
			projectDirPath = "";
			projectRoot = "";
			targets = (
				870DFC371B8BE150003AE10D /* CombiningArrays */,
			);
		};
/* End PBXProject section */

/* Begin PBXSourcesBuildPhase section */
		870DFC341B8BE150003AE10D /* Sources */ = {
			isa = PBXSourcesBuildPhase;
			buildActionMask = 2147483647;
			files = (
				870DFC441B8BED4B003AE10D /* ComboArray.m in Sources */,
				870DFC3C1B8BE150003AE10D /* main.m in Sources */,
			);
			runOnlyForDeploymentPostprocessing = 0;
		};
/* End PBXSourcesBuildPhase section */

/* Begin XCBuildConfiguration section */
		870DFC3D1B8BE150003AE10D /* Debug */ = {
			isa = XCBuildConfiguration;
			buildSettings = {
				ALWAYS_SEARCH_USER_PATHS = NO;
				CLANG_CXX_LANGUAGE_STANDARD = "gnu++0x";
				CLANG_CXX_LIBRARY = "libc++";
				CLANG_ENABLE_MODULES = YES;
				CLANG_ENABLE_OBJC_ARC = YES;
				CLANG_WARN_BOOL_CONVERSION = YES;
				CLANG_WARN_CONSTANT_CONVERSION = YES;
				CLANG_WARN_DIRECT_OBJC_ISA_USAGE = YES_ERROR;
				CLANG_WARN_EMPTY_BODY = YES;
				CLANG_WARN_ENUM_CONVERSION = YES;
				CLANG_WARN_INT_CONVERSION = YES;
				CLANG_WARN_OBJC_ROOT_CLASS = YES_ERROR;
				CLANG_WARN_UNREACHABLE_CODE = YES;
				CLANG_WARN__DUPLICATE_METHOD_MATCH = YES;
				COPY_PHASE_STRIP = NO;
				DEBUG_INFORMATION_FORMAT = dwarf;
				ENABLE_STRICT_OBJC_MSGSEND = YES;
				GCC_C_LANGUAGE_STANDARD = gnu99;
				GCC_DYNAMIC_NO_PIC = NO;
				GCC_NO_COMMON_BLOCKS = YES;
				GCC_OPTIMIZATION_LEVEL = 0;
				GCC_PREPROCESSOR_DEFINITIONS = (
					"DEBUG=1",
					"$(inherited)",
				);
				GCC_SYMBOLS_PRIVATE_EXTERN = NO;
				GCC_WARN_64_TO_32_BIT_CONVERSION = YES;
				GCC_WARN_ABOUT_RETURN_TYPE = YES_ERROR;
				GCC_WARN_UNDECLARED_SELECTOR = YES;
				GCC_WARN_UNINITIALIZED_AUTOS = YES_AGGRESSIVE;
				GCC_WARN_UNUSED_FUNCTION = YES;
				GCC_WARN_UNUSED_VARIABLE = YES;
				MACOSX_DEPLOYMENT_TARGET = 10.10;
				MTL_ENABLE_DEBUG_INFO = YES;
				ONLY_ACTIVE_ARCH = YES;
				SDKROOT = macosx;
			};
			name = Debug;
		};
		870DFC3E1B8BE150003AE10D /* Release */ = {
			isa = XCBuildConfiguration;
			buildSettings = {
				ALWAYS_SEARCH_USER_PATHS = NO;
				CLANG_CXX_LANGUAGE_STANDARD = "gnu++0x";
				CLANG_CXX_LIBRARY = "libc++";
				CLANG_ENABLE_MODULES = YES;
				CLANG_ENABLE_OBJC_ARC = YES;
				CLANG_WARN_BOOL_CONVERSION = YES;
				CLANG_WARN_CONSTANT_CONVERSION = YES;
				CLANG_WARN_DIRECT_OBJC_ISA_USAGE = YES_ERROR;
				CLANG_WARN_EMPTY_BODY = YES;
				CLANG_WARN_ENUM_CONVERSION = YES;
				CLANG_WARN_INT_CONVERSION = YES;
				CLANG_WARN_OBJC_ROOT_CLASS = YES_ERROR;
				CLANG_WARN_UNREACHABLE_CODE = YES;
				CLANG_WARN__DUPLICATE_METHOD_MATCH = YES;
				COPY_PHASE_STRIP = NO;
				DEBUG_INFORMATION_FORMAT = "dwarf-with-dsym";
				ENABLE_NS_ASSERTIONS = NO;
				ENABLE_STRICT_OBJC_MSGSEND = YES;
				GCC_C_LANGUAGE_STANDARD = gnu99;
				GCC_NO_COMMON_BLOCKS = YES;
				GCC_WARN_64_TO_32_BIT_CONVERSION = YES;
				GCC_WARN_ABOUT_RETURN_TYPE = YES_ERROR;
				GCC_WARN_UNDECLARED_SELECTOR = YES;
				GCC_WARN_UNINITIALIZED_AUTOS = YES_AGGRESSIVE;
				GCC_WARN_UNUSED_FUNCTION = YES;
				GCC_WARN_UNUSED_VARIABLE = YES;
				MACOSX_DEPLOYMENT_TARGET = 10.10;
				MTL_ENABLE_DEBUG_INFO = NO;
				SDKROOT = macosx;
			};
			name = Release;
		};
		870DFC401B8BE150003AE10D /* Debug */ = {
			isa = XCBuildConfiguration;
			buildSettings = {
				PRODUCT_NAME = "$(TARGET_NAME)";
			};
			name = Debug;
		};
		870DFC411B8BE150003AE10D /* Release */ = {
			isa = XCBuildConfiguration;
			buildSettings = {
				PRODUCT_NAME = "$(TARGET_NAME)";
			};
			name = Release;
		};
/* End XCBuildConfiguration section */

/* Begin XCConfigurationList section */
		870DFC331B8BE150003AE10D /* Build configuration list for PBXProject "CombiningArrays" */ = {
			isa = XCConfigurationList;
			buildConfigurations = (
				870DFC3D1B8BE150003AE10D /* Debug */,
				870DFC3E1B8BE150003AE10D /* Release */,
			);
			defaultConfigurationIsVisible = 0;
			defaultConfigurationName = Release;
		};
		870DFC3F1B8BE150003AE10D /* Build configuration list for PBXNativeTarget "CombiningArrays" */ = {
			isa = XCConfigurationList;
			buildConfigurations = (
				870DFC401B8BE150003AE10D /* Debug */,
				870DFC411B8BE150003AE10D /* Release */,
			);
			defaultConfigurationIsVisible = 0;
		};
/* End XCConfigurationList section */
	};
	rootObject = 870DFC301B8BE150003AE10D /* Project object */;
}
