// !$*UTF8*$!
{
	archiveVersion = 1;
	classes = {
	};
	objectVersion = 46;
	objects = {

/* Begin PBXBuildFile section */
		87BE85CE1B66BF6F00A1B7BB /* main.m in Sources */ = {isa = PBXBuildFile; fileRef = 87BE85CD1B66BF6F00A1B7BB /* main.m */; };
/* End PBXBuildFile section */

/* Begin PBXCopyFilesBuildPhase section */
		87BE85C81B66BF6F00A1B7BB /* CopyFiles */ = {
			isa = PBXCopyFilesBuildPhase;
			buildActionMask = 2147483647;
			dstPath = /usr/share/man/man1/;
			dstSubfolderSpec = 0;
			files = (
			);
			runOnlyForDeploymentPostprocessing = 1;
		};
/* End PBXCopyFilesBuildPhase section */

/* Begin PBXFileReference section */
		87BE85CA1B66BF6F00A1B7BB /* codestars */ = {isa = PBXFileReference; explicitFileType = "compiled.mach-o.executable"; includeInIndex = 0; path = codestars; sourceTree = BUILT_PRODUCTS_DIR; };
		87BE85CD1B66BF6F00A1B7BB /* main.m */ = {isa = PBXFileReference; lastKnownFileType = sourcecode.c.objc; path = main.m; sourceTree = "<group>"; };
/* End PBXFileReference section */

/* Begin PBXFrameworksBuildPhase section */
		87BE85C71B66BF6F00A1B7BB /* Frameworks */ = {
			isa = PBXFrameworksBuildPhase;
			buildActionMask = 2147483647;
			files = (
			);
			runOnlyForDeploymentPostprocessing = 0;
		};
/* End PBXFrameworksBuildPhase section */

/* Begin PBXGroup section */
		87BE85C11B66BF6F00A1B7BB = {
			isa = PBXGroup;
			children = (
				87BE85CC1B66BF6F00A1B7BB /* codestars */,
				87BE85CB1B66BF6F00A1B7BB /* Products */,
			);
			sourceTree = "<group>";
		};
		87BE85CB1B66BF6F00A1B7BB /* Products */ = {
			isa = PBXGroup;
			children = (
				87BE85CA1B66BF6F00A1B7BB /* codestars */,
			);
			name = Products;
			sourceTree = "<group>";
		};
		87BE85CC1B66BF6F00A1B7BB /* codestars */ = {
			isa = PBXGroup;
			children = (
				87BE85CD1B66BF6F00A1B7BB /* main.m */,
			);
			path = codestars;
			sourceTree = "<group>";
		};
/* End PBXGroup section */

/* Begin PBXNativeTarget section */
		87BE85C91B66BF6F00A1B7BB /* codestars */ = {
			isa = PBXNativeTarget;
			buildConfigurationList = 87BE85D11B66BF6F00A1B7BB /* Build configuration list for PBXNativeTarget "codestars" */;
			buildPhases = (
				87BE85C61B66BF6F00A1B7BB /* Sources */,
				87BE85C71B66BF6F00A1B7BB /* Frameworks */,
				87BE85C81B66BF6F00A1B7BB /* CopyFiles */,
			);
			buildRules = (
			);
			dependencies = (
			);
			name = codestars;
			productName = codestars;
			productReference = 87BE85CA1B66BF6F00A1B7BB /* codestars */;
			productType = "com.apple.product-type.tool";
		};
/* End PBXNativeTarget section */

/* Begin PBXProject section */
		87BE85C21B66BF6F00A1B7BB /* Project object */ = {
			isa = PBXProject;
			attributes = {
				LastUpgradeCheck = 0640;
				ORGANIZATIONNAME = "Ronald Rivera";
				TargetAttributes = {
					87BE85C91B66BF6F00A1B7BB = {
						CreatedOnToolsVersion = 6.4;
					};
				};
			};
			buildConfigurationList = 87BE85C51B66BF6F00A1B7BB /* Build configuration list for PBXProject "codestars" */;
			compatibilityVersion = "Xcode 3.2";
			developmentRegion = English;
			hasScannedForEncodings = 0;
			knownRegions = (
				en,
			);
			mainGroup = 87BE85C11B66BF6F00A1B7BB;
			productRefGroup = 87BE85CB1B66BF6F00A1B7BB /* Products */;
			projectDirPath = "";
			projectRoot = "";
			targets = (
				87BE85C91B66BF6F00A1B7BB /* codestars */,
			);
		};
/* End PBXProject section */

/* Begin PBXSourcesBuildPhase section */
		87BE85C61B66BF6F00A1B7BB /* Sources */ = {
			isa = PBXSourcesBuildPhase;
			buildActionMask = 2147483647;
			files = (
				87BE85CE1B66BF6F00A1B7BB /* main.m in Sources */,
			);
			runOnlyForDeploymentPostprocessing = 0;
		};
/* End PBXSourcesBuildPhase section */

/* Begin XCBuildConfiguration section */
		87BE85CF1B66BF6F00A1B7BB /* Debug */ = {
			isa = XCBuildConfiguration;
			buildSettings = {
				ALWAYS_SEARCH_USER_PATHS = NO;
				CLANG_CXX_LANGUAGE_STANDARD = "gnu++0x";
				CLANG_CXX_LIBRARY = "libc++";
				CLANG_ENABLE_MODULES = YES;
				CLANG_ENABLE_OBJC_ARC = YES;
				CLANG_WARN_BOOL_CONVERSION = YES;
				CLANG_WARN_CONSTANT_CONVERSION = YES;
				CLANG_WARN_DIRECT_OBJC_ISA_USAGE = YES_ERROR;
				CLANG_WARN_EMPTY_BODY = YES;
				CLANG_WARN_ENUM_CONVERSION = YES;
				CLANG_WARN_INT_CONVERSION = YES;
				CLANG_WARN_OBJC_ROOT_CLASS = YES_ERROR;
				CLANG_WARN_UNREACHABLE_CODE = YES;
				CLANG_WARN__DUPLICATE_METHOD_MATCH = YES;
				COPY_PHASE_STRIP = NO;
				DEBUG_INFORMATION_FORMAT = dwarf;
				ENABLE_STRICT_OBJC_MSGSEND = YES;
				GCC_C_LANGUAGE_STANDARD = gnu99;
				GCC_DYNAMIC_NO_PIC = NO;
				GCC_NO_COMMON_BLOCKS = YES;
				GCC_OPTIMIZATION_LEVEL = 0;
				GCC_PREPROCESSOR_DEFINITIONS = (
					"DEBUG=1",
					"$(inherited)",
				);
				GCC_SYMBOLS_PRIVATE_EXTERN = NO;
				GCC_WARN_64_TO_32_BIT_CONVERSION = YES;
				GCC_WARN_ABOUT_RETURN_TYPE = YES_ERROR;
				GCC_WARN_UNDECLARED_SELECTOR = YES;
				GCC_WARN_UNINITIALIZED_AUTOS = YES_AGGRESSIVE;
				GCC_WARN_UNUSED_FUNCTION = YES;
				GCC_WARN_UNUSED_VARIABLE = YES;
				MACOSX_DEPLOYMENT_TARGET = 10.10;
				MTL_ENABLE_DEBUG_INFO = YES;
				ONLY_ACTIVE_ARCH = YES;
				SDKROOT = macosx;
			};
			name = Debug;
		};
		87BE85D01B66BF6F00A1B7BB /* Release */ = {
			isa = XCBuildConfiguration;
			buildSettings = {
				ALWAYS_SEARCH_USER_PATHS = NO;
				CLANG_CXX_LANGUAGE_STANDARD = "gnu++0x";
				CLANG_CXX_LIBRARY = "libc++";
				CLANG_ENABLE_MODULES = YES;
				CLANG_ENABLE_OBJC_ARC = YES;
				CLANG_WARN_BOOL_CONVERSION = YES;
				CLANG_WARN_CONSTANT_CONVERSION = YES;
				CLANG_WARN_DIRECT_OBJC_ISA_USAGE = YES_ERROR;
				CLANG_WARN_EMPTY_BODY = YES;
				CLANG_WARN_ENUM_CONVERSION = YES;
				CLANG_WARN_INT_CONVERSION = YES;
				CLANG_WARN_OBJC_ROOT_CLASS = YES_ERROR;
				CLANG_WARN_UNREACHABLE_CODE = YES;
				CLANG_WARN__DUPLICATE_METHOD_MATCH = YES;
				COPY_PHASE_STRIP = NO;
				DEBUG_INFORMATION_FORMAT = "dwarf-with-dsym";
				ENABLE_NS_ASSERTIONS = NO;
				ENABLE_STRICT_OBJC_MSGSEND = YES;
				GCC_C_LANGUAGE_STANDARD = gnu99;
				GCC_NO_COMMON_BLOCKS = YES;
				GCC_WARN_64_TO_32_BIT_CONVERSION = YES;
				GCC_WARN_ABOUT_RETURN_TYPE = YES_ERROR;
				GCC_WARN_UNDECLARED_SELECTOR = YES;
				GCC_WARN_UNINITIALIZED_AUTOS = YES_AGGRESSIVE;
				GCC_WARN_UNUSED_FUNCTION = YES;
				GCC_WARN_UNUSED_VARIABLE = YES;
				MACOSX_DEPLOYMENT_TARGET = 10.10;
				MTL_ENABLE_DEBUG_INFO = NO;
				SDKROOT = macosx;
			};
			name = Release;
		};
		87BE85D21B66BF6F00A1B7BB /* Debug */ = {
			isa = XCBuildConfiguration;
			buildSettings = {
				PRODUCT_NAME = "$(TARGET_NAME)";
			};
			name = Debug;
		};
		87BE85D31B66BF6F00A1B7BB /* Release */ = {
			isa = XCBuildConfiguration;
			buildSettings = {
				PRODUCT_NAME = "$(TARGET_NAME)";
			};
			name = Release;
		};
/* End XCBuildConfiguration section */

/* Begin XCConfigurationList section */
		87BE85C51B66BF6F00A1B7BB /* Build configuration list for PBXProject "codestars" */ = {
			isa = XCConfigurationList;
			buildConfigurations = (
				87BE85CF1B66BF6F00A1B7BB /* Debug */,
				87BE85D01B66BF6F00A1B7BB /* Release */,
			);
			defaultConfigurationIsVisible = 0;
			defaultConfigurationName = Release;
		};
		87BE85D11B66BF6F00A1B7BB /* Build configuration list for PBXNativeTarget "codestars" */ = {
			isa = XCConfigurationList;
			buildConfigurations = (
				87BE85D21B66BF6F00A1B7BB /* Debug */,
				87BE85D31B66BF6F00A1B7BB /* Release */,
			);
			defaultConfigurationIsVisible = 0;
		};
/* End XCConfigurationList section */
	};
	rootObject = 87BE85C21B66BF6F00A1B7BB /* Project object */;
}
